
Microsoft Visual Studio Solution File, Format Version 12.00
# Visual Studio Version 17
VisualStudioVersion = 17.6.33723.286
MinimumVisualStudioVersion = 10.0.40219.1
Project("{FAE04EC0-301F-11D3-BF4B-00C04F79EFBC}") = "Project2", "Project2.csproj", "{04027D87-A465-4715-A6F8-64EFD8B36625}"
EndProject
Global
	GlobalSection(SolutionConfigurationPlatforms) = preSolution
		Debug|Any CPU = Debug|Any CPU
		Release|Any CPU = Release|Any CPU
	EndGlobalSection
	GlobalSection(ProjectConfigurationPlatforms) = postSolution
		{04027D87-A465-4715-A6F8-64EFD8B36625}.Debug|Any CPU.ActiveCfg = Debug|Any CPU
		{04027D87-A465-4715-A6F8-64EFD8B36625}.Debug|Any CPU.Build.0 = Debug|Any CPU
		{04027D87-A465-4715-A6F8-64EFD8B36625}.Release|Any CPU.ActiveCfg = Release|Any CPU
		{04027D87-A465-4715-A6F8-64EFD8B36625}.Release|Any CPU.Build.0 = Release|Any CPU
	EndGlobalSection
	GlobalSection(SolutionProperties) = preSolution
		HideSolutionNode = FALSE
	EndGlobalSection
	GlobalSection(ExtensibilityGlobals) = postSolution
		SolutionGuid = {1AA3DB36-4582-4AA6-BB3F-E03C65D8D7FF}
	EndGlobalSection
EndGlobal
